{
  "version": 4,
  "terraform_version": "1.6.5",
  "serial": 72,
  "lineage": "1ce2b9a0-f3fd-c999-576a-7c55aceb29c7",
  "outputs": {
    "access_entries": {
      "value": {},
      "type": [
        "object",
        {}
      ]
    },
    "access_policy_associations": {
      "value": {},
      "type": [
        "object",
        {}
      ]
    },
    "cloudwatch_log_group_arn": {
      "value": "arn:aws:logs:ap-south-1:606348016399:log-group:/aws/eks/EKS_Cluster/cluster",
      "type": "string"
    },
    "cloudwatch_log_group_name": {
      "value": "/aws/eks/EKS_Cluster/cluster",
      "type": "string"
    },
    "cluster_addons": {
      "value": {},
      "type": [
        "object",
        {}
      ]
    },
    "cluster_arn": {
      "value": "arn:aws:eks:ap-south-1:606348016399:cluster/EKS_Cluster",
      "type": "string"
    },
    "cluster_certificate_authority_data": {
      "value": "LS0tLS1CRUdJTiBDRVJUSUZJQ0FURS0tLS0tCk1JSURCVENDQWUyZ0F3SUJBZ0lJWHhMbks3aEZmUm93RFFZSktvWklodmNOQVFFTEJRQXdGVEVUTUJFR0ExVUUKQXhNS2EzVmlaWEp1WlhSbGN6QWVGdzB5TkRBeU1qY3dOakV3TURkYUZ3MHpOREF5TWpRd05qRTFNRGRhTUJVeApFekFSQmdOVkJBTVRDbXQxWW1WeWJtVjBaWE13Z2dFaU1BMEdDU3FHU0liM0RRRUJBUVVBQTRJQkR3QXdnZ0VLCkFvSUJBUUM1a1ZOUlBmUjh4UnRWbmtDeFh0RDBNMVREWEc5REdoLzRrMmR6d0lRWjNQWUtvN1N0OUdRcENHWTUKb01xSVlOUnRHM25RQXgwckFZN1R2eGF2cEdZblBJbHFXWmpLVnF1TmhkcjUwR3NMY1Jld0NNRDlwVnVOdDFsQgp5alI3SjF6Y0FnUk1TRnB2dG1Zb2hlR0x3V1poSUFqd2U0K25PdE5ZUHh4c0crU1VKS2JORWxrRUZCQm1zSFZLCjBFakE4QXpGMkdTQ0JDV09NYjlsall4UVZhcDJBOXVLVTRhTTJQTjlkdmsvNklrd1pwUW5kZEg5clBGQXNRRG0KdVY5NjlxQjFUWlFLMDNBU0xkckhCQjhoMjJJRjJpTXNsUHJvTXNUUmZIcHoxbDRoZmxWR3BQL3hWZkdESDhwSApveDZlSi9KdVpRYUZwUnp6eFNMZFpYbHV6bEQ3QWdNQkFBR2pXVEJYTUE0R0ExVWREd0VCL3dRRUF3SUNwREFQCkJnTlZIUk1CQWY4RUJUQURBUUgvTUIwR0ExVWREZ1FXQkJTNnFXMHczM0ZUd2hTa1dWVnBHN0VJTWpzV0lqQVYKQmdOVkhSRUVEakFNZ2dwcmRXSmxjbTVsZEdWek1BMEdDU3FHU0liM0RRRUJDd1VBQTRJQkFRQ1V2RVpIOUZ6MwpwZTRZb0k2QTAyVlFWNm9yZDNNNUNoTTEzL25JcUpjUnhPUm9IVzZxNFhxaWJiYlBlTGphQThtZ1E3bWU4SmF4ClFGcUFJUnFzclpOZXFZaG9BV3hpc25ycDNIUFdiemRmcEh3MXYxZU9aWTllNXdWZFhKa1dSdm9KN2hpMTRUMlUKSFNsRHdrajMvNU9zYW1YWkxPRWxWeWNFUGxoR29QNjg3QmJVT010MStKOEpDOURqcGthdzZzOXRxZzVNQ29BQgowOFBDQ1BaSWhna1AvY09vVElSdzBFbmNtK243ZVY1eHgwYUtuNmdLb0dkZnduZEY1VDdzQ1VXMGN5VnpNcGtDCjFwcllKQWNXRElIanZIUFNOL0lxVVc4VGk4SjYzeUExYzUzMnFib1p2Qit6Rm10RDBmOWNXLzVrMGVFaUxrRkcKNm1YdjdDYlNqV0F5Ci0tLS0tRU5EIENFUlRJRklDQVRFLS0tLS0K",
      "type": "string"
    },
    "cluster_endpoint": {
      "value": "https://F7227EDCD118D9B37DE6B2AB57F016E3.gr7.ap-south-1.eks.amazonaws.com",
      "type": "string"
    },
    "cluster_iam_role_arn": {
      "value": "arn:aws:iam::606348016399:role/EKS_Cluster-cluster-20240227050354103800000003",
      "type": "string"
    },
    "cluster_iam_role_name": {
      "value": "EKS_Cluster-cluster-20240227050354103800000003",
      "type": "string"
    },
    "cluster_iam_role_unique_id": {
      "value": "AROAY2LJIPMHZG3MB4EZG",
      "type": "string"
    },
    "cluster_identity_providers": {
      "value": {},
      "type": [
        "object",
        {}
      ]
    },
    "cluster_name": {
      "value": "EKS_Cluster",
      "type": "string"
    },
    "cluster_oidc_issuer_url": {
      "value": "https://oidc.eks.ap-south-1.amazonaws.com/id/F7227EDCD118D9B37DE6B2AB57F016E3",
      "type": "string"
    },
    "cluster_platform_version": {
      "value": "eks.1",
      "type": "string"
    },
    "cluster_primary_security_group_id": {
      "value": "sg-014e6bbe8d7fe9948",
      "type": "string"
    },
    "cluster_security_group_arn": {
      "value": "arn:aws:ec2:ap-south-1:606348016399:security-group/sg-01c2eb911143ee02d",
      "type": "string"
    },
    "cluster_security_group_id": {
      "value": "sg-01c2eb911143ee02d",
      "type": "string"
    },
    "cluster_status": {
      "value": "ACTIVE",
      "type": "string"
    },
    "cluster_tls_certificate_sha1_fingerprint": {
      "value": "9e99a48a9960b14926bb7f3b02e22da2b0ab7280",
      "type": "string"
    },
    "cluster_version": {
      "value": "1.29",
      "type": "string"
    },
    "eks_managed_node_groups": {
      "value": {},
      "type": [
        "object",
        {}
      ]
    },
    "eks_managed_node_groups_autoscaling_group_names": {
      "value": [],
      "type": [
        "list",
        "string"
      ]
    },
    "fargate_profiles": {
      "value": {},
      "type": [
        "object",
        {}
      ]
    },
    "kms_key_arn": {
      "value": "arn:aws:kms:ap-south-1:606348016399:key/afb993db-6a54-40ce-a1ff-81c715fff826",
      "type": "string"
    },
    "kms_key_id": {
      "value": "afb993db-6a54-40ce-a1ff-81c715fff826",
      "type": "string"
    },
    "kms_key_policy": {
      "value": "{\"Statement\":[{\"Action\":\"kms:*\",\"Effect\":\"Allow\",\"Principal\":{\"AWS\":\"arn:aws:iam::606348016399:root\"},\"Resource\":\"*\",\"Sid\":\"Default\"},{\"Action\":[\"kms:Update*\",\"kms:UntagResource\",\"kms:TagResource\",\"kms:ScheduleKeyDeletion\",\"kms:Revoke*\",\"kms:ReplicateKey\",\"kms:Put*\",\"kms:List*\",\"kms:ImportKeyMaterial\",\"kms:Get*\",\"kms:Enable*\",\"kms:Disable*\",\"kms:Describe*\",\"kms:Delete*\",\"kms:Create*\",\"kms:CancelKeyDeletion\"],\"Effect\":\"Allow\",\"Principal\":{\"AWS\":\"arn:aws:iam::606348016399:user/Terraform\"},\"Resource\":\"*\",\"Sid\":\"KeyAdministration\"},{\"Action\":[\"kms:ReEncrypt*\",\"kms:GenerateDataKey*\",\"kms:Encrypt\",\"kms:DescribeKey\",\"kms:Decrypt\"],\"Effect\":\"Allow\",\"Principal\":{\"AWS\":\"arn:aws:iam::606348016399:role/EKS_Cluster-cluster-20240227050354103800000003\"},\"Resource\":\"*\",\"Sid\":\"KeyUsage\"}],\"Version\":\"2012-10-17\"}",
      "type": "string"
    },
    "node_security_group_arn": {
      "value": "arn:aws:ec2:ap-south-1:606348016399:security-group/sg-0ada8cb3b96ef50b6",
      "type": "string"
    },
    "node_security_group_id": {
      "value": "sg-0ada8cb3b96ef50b6",
      "type": "string"
    },
    "oidc_provider": {
      "value": "oidc.eks.ap-south-1.amazonaws.com/id/F7227EDCD118D9B37DE6B2AB57F016E3",
      "type": "string"
    },
    "oidc_provider_arn": {
      "value": "arn:aws:iam::606348016399:oidc-provider/oidc.eks.ap-south-1.amazonaws.com/id/F7227EDCD118D9B37DE6B2AB57F016E3",
      "type": "string"
    },
    "self_managed_node_groups": {
      "value": {},
      "type": [
        "object",
        {}
      ]
    },
    "self_managed_node_groups_autoscaling_group_names": {
      "value": [],
      "type": [
        "list",
        "string"
      ]
    }
  },
  "resources": [
    {
      "mode": "data",
      "type": "aws_caller_identity",
      "name": "current",
      "provider": "provider[\"registry.terraform.io/hashicorp/aws\"]",
      "instances": [
        {
          "schema_version": 0,
          "attributes": {
            "account_id": "606348016399",
            "arn": "arn:aws:iam::606348016399:user/Terraform",
            "id": "606348016399",
            "user_id": "AIDAY2LJIPMHZPS3EKXL7"
          },
          "sensitive_attributes": []
        }
      ]
    },
    {
      "mode": "data",
      "type": "aws_iam_policy_document",
      "name": "assume_role_policy",
      "provider": "provider[\"registry.terraform.io/hashicorp/aws\"]",
      "instances": [
        {
          "index_key": 0,
          "schema_version": 0,
          "attributes": {
            "id": "2764486067",
            "json": "{\n  \"Version\": \"2012-10-17\",\n  \"Statement\": [\n    {\n      \"Sid\": \"EKSClusterAssumeRole\",\n      \"Effect\": \"Allow\",\n      \"Action\": \"sts:AssumeRole\",\n      \"Principal\": {\n        \"Service\": \"eks.amazonaws.com\"\n      }\n    }\n  ]\n}",
            "override_policy_documents": null,
            "policy_id": null,
            "source_policy_documents": null,
            "statement": [
              {
                "actions": [
                  "sts:AssumeRole"
                ],
                "condition": [],
                "effect": "Allow",
                "not_actions": [],
                "not_principals": [],
                "not_resources": [],
                "principals": [
                  {
                    "identifiers": [
                      "eks.amazonaws.com"
                    ],
                    "type": "Service"
                  }
                ],
                "resources": [],
                "sid": "EKSClusterAssumeRole"
              }
            ],
            "version": "2012-10-17"
          },
          "sensitive_attributes": []
        }
      ]
    },
    {
      "mode": "data",
      "type": "aws_iam_session_context",
      "name": "current",
      "provider": "provider[\"registry.terraform.io/hashicorp/aws\"]",
      "instances": [
        {
          "schema_version": 0,
          "attributes": {
            "arn": "arn:aws:iam::606348016399:user/Terraform",
            "id": "arn:aws:iam::606348016399:user/Terraform",
            "issuer_arn": "arn:aws:iam::606348016399:user/Terraform",
            "issuer_id": "",
            "issuer_name": "",
            "session_name": ""
          },
          "sensitive_attributes": []
        }
      ]
    },
    {
      "mode": "data",
      "type": "aws_partition",
      "name": "current",
      "provider": "provider[\"registry.terraform.io/hashicorp/aws\"]",
      "instances": [
        {
          "schema_version": 0,
          "attributes": {
            "dns_suffix": "amazonaws.com",
            "id": "aws",
            "partition": "aws",
            "reverse_dns_prefix": "com.amazonaws"
          },
          "sensitive_attributes": []
        }
      ]
    },
    {
      "mode": "data",
      "type": "tls_certificate",
      "name": "this",
      "provider": "provider[\"registry.terraform.io/hashicorp/tls\"]",
      "instances": [
        {
          "index_key": 0,
          "schema_version": 0,
          "attributes": {
            "certificates": [
              {
                "cert_pem": "-----BEGIN CERTIFICATE-----\nMIIEdTCCA12gAwIBAgIJAKcOSkw0grd/MA0GCSqGSIb3DQEBCwUAMGgxCzAJBgNV\nBAYTAlVTMSUwIwYDVQQKExxTdGFyZmllbGQgVGVjaG5vbG9naWVzLCBJbmMuMTIw\nMAYDVQQLEylTdGFyZmllbGQgQ2xhc3MgMiBDZXJ0aWZpY2F0aW9uIEF1dGhvcml0\neTAeFw0wOTA5MDIwMDAwMDBaFw0zNDA2MjgxNzM5MTZaMIGYMQswCQYDVQQGEwJV\nUzEQMA4GA1UECBMHQXJpem9uYTETMBEGA1UEBxMKU2NvdHRzZGFsZTElMCMGA1UE\nChMcU3RhcmZpZWxkIFRlY2hub2xvZ2llcywgSW5jLjE7MDkGA1UEAxMyU3RhcmZp\nZWxkIFNlcnZpY2VzIFJvb3QgQ2VydGlmaWNhdGUgQXV0aG9yaXR5IC0gRzIwggEi\nMA0GCSqGSIb3DQEBAQUAA4IBDwAwggEKAoIBAQDVDDrEKvlO4vW+GZdfjohTsR8/\ny8+fIBNtKTrID30892t2OGPZNmCom15cAICyL1l/9of5JUOG52kbUpqQ4XHj2C0N\nTm/2yEnZtvMaVq4rtnQU68/7JuMauh2WLmo7WJSJR1b/JaCTcFOD2oR0FMNnngRo\nOt+OQFodSk7PQ5E751bWAHDLUu57fa4657wx+UX2wmDPE1kCK4DMNEffud6QZW0C\nzyyRpqbn3oUYSXxmTqM6bam17jQuug0DuDPfR+uxa40l2ZvOgdFFRjKWcIfeAg5J\nQ4W2bHO7ZOphQazJ1FTfhy/HIrImzJ9ZVGif/L4qL8RVHHVAYBeFAlU5i38FAgMB\nAAGjgfAwge0wDwYDVR0TAQH/BAUwAwEB/zAOBgNVHQ8BAf8EBAMCAYYwHQYDVR0O\nBBYEFJxfAN+qAdcwKziIorhtSpzyEZGDMB8GA1UdIwQYMBaAFL9ft9HO3R+G9FtV\nrNzXEMIOqYjnME8GCCsGAQUFBwEBBEMwQTAcBggrBgEFBQcwAYYQaHR0cDovL28u\nc3MyLnVzLzAhBggrBgEFBQcwAoYVaHR0cDovL3guc3MyLnVzL3guY2VyMCYGA1Ud\nHwQfMB0wG6AZoBeGFWh0dHA6Ly9zLnNzMi51cy9yLmNybDARBgNVHSAECjAIMAYG\nBFUdIAAwDQYJKoZIhvcNAQELBQADggEBACMd44pXyn3pF3lM8R5V/cxTbj5HD9/G\nVfKyBDbtgB9TxF00KGu+x1X8Z+rLP3+QsjPNG1gQggL4+C/1E2DUBc7xgQjB3ad1\nl08YuW3e95ORCLp+QCztweq7dp4zBncdDQh/U90bZKuCJ/Fp1U1ervShw3WnWEQt\n8jxwmKy6abaVd38PMV4s/KCHOkdp8Hlf9BRUpJVeEXgSYCfOn8J3/yNTd126/+pZ\n59vPr5KW7ySaNRB6nJHGDn2Z9j8Z3/VyVOEVqQdZe4O/Ui5GjLIAZHYcSNPYeehu\nVsyuLAOQ1xk4meTKCRlb/weWsKh/NEnfVqn3sF/tM+2MR7cwA130A4w=\n-----END CERTIFICATE-----\n",
                "is_ca": true,
                "issuer": "OU=Starfield Class 2 Certification Authority,O=Starfield Technologies\\, Inc.,C=US",
                "not_after": "2034-06-28T17:39:16Z",
                "not_before": "2009-09-02T00:00:00Z",
                "public_key_algorithm": "RSA",
                "serial_number": "12037640545166866303",
                "sha1_fingerprint": "9e99a48a9960b14926bb7f3b02e22da2b0ab7280",
                "signature_algorithm": "SHA256-RSA",
                "subject": "CN=Starfield Services Root Certificate Authority - G2,O=Starfield Technologies\\, Inc.,L=Scottsdale,ST=Arizona,C=US",
                "version": 3
              },
              {
                "cert_pem": "-----BEGIN CERTIFICATE-----\nMIIEkjCCA3qgAwIBAgITBn+USionzfP6wq4rAfkI7rnExjANBgkqhkiG9w0BAQsF\nADCBmDELMAkGA1UEBhMCVVMxEDAOBgNVBAgTB0FyaXpvbmExEzARBgNVBAcTClNj\nb3R0c2RhbGUxJTAjBgNVBAoTHFN0YXJmaWVsZCBUZWNobm9sb2dpZXMsIEluYy4x\nOzA5BgNVBAMTMlN0YXJmaWVsZCBTZXJ2aWNlcyBSb290IENlcnRpZmljYXRlIEF1\ndGhvcml0eSAtIEcyMB4XDTE1MDUyNTEyMDAwMFoXDTM3MTIzMTAxMDAwMFowOTEL\nMAkGA1UEBhMCVVMxDzANBgNVBAoTBkFtYXpvbjEZMBcGA1UEAxMQQW1hem9uIFJv\nb3QgQ0EgMTCCASIwDQYJKoZIhvcNAQEBBQADggEPADCCAQoCggEBALJ4gHHKeNXj\nca9HgFB0fW7Y14h29Jlo91ghYPl0hAEvrAIthtOgQ3pOsqTQNroBvo3bSMgHFzZM\n9O6II8c+6zf1tRn4SWiw3te5djgdYZ6k/oI2peVKVuRF4fn9tBb6dNqcmzU5L/qw\nIFAGbHrQgLKm+a/sRxmPUDgH3KKHOVj4utWp+UhnMJbulHheb4mjUcAwhmahRWa6\nVOujw5H5SNz/0egwLX0tdHA114gk957EWW67c4cX8jJGKLhD+rcdqsq08p8kDi1L\n93FcXmn/6pUCyziKrlA4b9v7LWIbxcceVOF34GfID5yHI9Y/QCB/IIDEgEw+OyQm\njgSubJrIqg0CAwEAAaOCATEwggEtMA8GA1UdEwEB/wQFMAMBAf8wDgYDVR0PAQH/\nBAQDAgGGMB0GA1UdDgQWBBSEGMyFNOy8DJSULghZnMeyEE4KCDAfBgNVHSMEGDAW\ngBScXwDfqgHXMCs4iKK4bUqc8hGRgzB4BggrBgEFBQcBAQRsMGowLgYIKwYBBQUH\nMAGGImh0dHA6Ly9vY3NwLnJvb3RnMi5hbWF6b250cnVzdC5jb20wOAYIKwYBBQUH\nMAKGLGh0dHA6Ly9jcnQucm9vdGcyLmFtYXpvbnRydXN0LmNvbS9yb290ZzIuY2Vy\nMD0GA1UdHwQ2MDQwMqAwoC6GLGh0dHA6Ly9jcmwucm9vdGcyLmFtYXpvbnRydXN0\nLmNvbS9yb290ZzIuY3JsMBEGA1UdIAQKMAgwBgYEVR0gADANBgkqhkiG9w0BAQsF\nAAOCAQEAYjdCXLwQtT6LLOkMm2xF4gcAevnFWAu5CIw+7bMlPLVvUOTNNWqnkzSW\nMiGpSESrnO09tKpzbeR/FoCJbM8oAxiDR3mjEH4wW6w7sGDgd9QIpuEdfF7Au/ma\neyKdpwAJfqxGF4PcnCZXmTA5YpaP7dreqsXMGz7KQ2hsVxa81Q4gLv7/wmpdLqBK\nbRRYh5TmOTFffHPLkIhqhBGWJ6bt2YFGpn6jcgAKUj6DiAdjd4lpFw85hdKrCEVN\n0FE6/V1dN2RMfjCyVSRCnTawXZwXgWHxyvkQAiSr6w10kY17RSlQOYiypok1JR4U\nakcjMS9cmvqtmg5iUaQqqcT5NJ0hGA==\n-----END CERTIFICATE-----\n",
                "is_ca": true,
                "issuer": "CN=Starfield Services Root Certificate Authority - G2,O=Starfield Technologies\\, Inc.,L=Scottsdale,ST=Arizona,C=US",
                "not_after": "2037-12-31T01:00:00Z",
                "not_before": "2015-05-25T12:00:00Z",
                "public_key_algorithm": "RSA",
                "serial_number": "144918191876577076464031512351042010504348870",
                "sha1_fingerprint": "06b25927c42a721631c1efd9431e648fa62e1e39",
                "signature_algorithm": "SHA256-RSA",
                "subject": "CN=Amazon Root CA 1,O=Amazon,C=US",
                "version": 3
              },
              {
                "cert_pem": "-----BEGIN CERTIFICATE-----\nMIIEXjCCA0agAwIBAgITB3MSOAudZoijOx7Zv5zNpo4ODzANBgkqhkiG9w0BAQsF\nADA5MQswCQYDVQQGEwJVUzEPMA0GA1UEChMGQW1hem9uMRkwFwYDVQQDExBBbWF6\nb24gUm9vdCBDQSAxMB4XDTIyMDgyMzIyMjEyOFoXDTMwMDgyMzIyMjEyOFowPDEL\nMAkGA1UEBhMCVVMxDzANBgNVBAoTBkFtYXpvbjEcMBoGA1UEAxMTQW1hem9uIFJT\nQSAyMDQ4IE0wMTCCASIwDQYJKoZIhvcNAQEBBQADggEPADCCAQoCggEBAOtxLKnL\nH4gokjIwr4pXD3i3NyWVVYesZ1yX0yLI2qIUZ2t88Gfa4gMqs1YSXca1R/lnCKeT\nepWSGA+0+fkQNpp/L4C2T7oTTsddUx7g3ZYzByDTlrwS5HRQQqEFE3O1T5tEJP4t\nf+28IoXsNiEzl3UGzicYgtzj2cWCB41eJgEmJmcf2T8TzzK6a614ZPyq/w4CPAff\nnAV4coz96nW3AyiE2uhuB4zQUIXvgVSycW7sbWLvj5TDXunEpNCRwC4kkZjK7rol\njtT2cbb7W2s4Bkg3R42G3PLqBvt2N32e/0JOTViCk8/iccJ4sXqrS1uUN4iB5Nmv\nJK74csVl+0u0UecCAwEAAaOCAVowggFWMBIGA1UdEwEB/wQIMAYBAf8CAQAwDgYD\nVR0PAQH/BAQDAgGGMB0GA1UdJQQWMBQGCCsGAQUFBwMBBggrBgEFBQcDAjAdBgNV\nHQ4EFgQUgbgOY4qJEhjl+js7UJWf5uWQE4UwHwYDVR0jBBgwFoAUhBjMhTTsvAyU\nlC4IWZzHshBOCggwewYIKwYBBQUHAQEEbzBtMC8GCCsGAQUFBzABhiNodHRwOi8v\nb2NzcC5yb290Y2ExLmFtYXpvbnRydXN0LmNvbTA6BggrBgEFBQcwAoYuaHR0cDov\nL2NydC5yb290Y2ExLmFtYXpvbnRydXN0LmNvbS9yb290Y2ExLmNlcjA/BgNVHR8E\nODA2MDSgMqAwhi5odHRwOi8vY3JsLnJvb3RjYTEuYW1hem9udHJ1c3QuY29tL3Jv\nb3RjYTEuY3JsMBMGA1UdIAQMMAowCAYGZ4EMAQIBMA0GCSqGSIb3DQEBCwUAA4IB\nAQCtAN4CBSMuBjJitGuxlBbkEUDeK/pZwTXv4KqPK0G50fOHOQAd8j21p0cMBgbG\nkfMHVwLU7b0XwZCav0h1ogdPMN1KakK1DT0VwA/+hFvGPJnMV1Kx2G4S1ZaSk0uU\n5QfoiYIIano01J5k4T2HapKQmmOhS/iPtuo00wW+IMLeBuKMn3OLn005hcrOGTad\nhcmeyfhQP7Z+iKHvyoQGi1C0ClymHETx/chhQGDyYSWqB/THwnN15AwLQo0E5V9E\nSJlbe4mBlqeInUsNYugExNf+tOiybcrswBy8OFsd34XOW3rjSUtsuafd9AWySa3h\nxRRrwszrzX/WWGm6wyB+f7C4\n-----END CERTIFICATE-----\n",
                "is_ca": true,
                "issuer": "CN=Amazon Root CA 1,O=Amazon,C=US",
                "not_after": "2030-08-23T22:21:28Z",
                "not_before": "2022-08-23T22:21:28Z",
                "public_key_algorithm": "RSA",
                "serial_number": "166129328851546858514271303855646110030630415",
                "sha1_fingerprint": "2ad974a775f73cbdbbd8f5ac3a49255fa8fb1f8c",
                "signature_algorithm": "SHA256-RSA",
                "subject": "CN=Amazon RSA 2048 M01,O=Amazon,C=US",
                "version": 3
              },
              {
                "cert_pem": "-----BEGIN CERTIFICATE-----\nMIIF7TCCBNWgAwIBAgIQA5HmLsxqQDg3E9F+6IwH3DANBgkqhkiG9w0BAQsFADA8\nMQswCQYDVQQGEwJVUzEPMA0GA1UEChMGQW1hem9uMRwwGgYDVQQDExNBbWF6b24g\nUlNBIDIwNDggTTAxMB4XDTIzMDQxNTAwMDAwMFoXDTI0MDUxMzIzNTk1OVowLDEq\nMCgGA1UEAxMhb2lkYy5la3MuYXAtc291dGgtMS5hbWF6b25hd3MuY29tMIIBIjAN\nBgkqhkiG9w0BAQEFAAOCAQ8AMIIBCgKCAQEA1anOiYyP3EWnzSy6iCUiFYlqyX2J\nd3bkOMHJAPRRHAMDJX29ZNRLzkmk1dqYMGGRx/y0Hl04AeRqEZbZO/vJKTRz/3NI\n/E6tIAMwAFsNYDrEKKqD2jIWVeYYaMnMTow9ShIBIUW3Yg7kOCl0rRVn0Z6k7JtO\npl9ykVjgmoh8JrFI6xNtWU3KplNyYiP95HYYR50+/dmXSlBdD35D9thWp3t+ZaBV\nCoSDWRmte0K21obpzQLn9pH4UaUhk+GGMQUXDOSWLUyXs8tH/lp/0Tj1zFiFs862\neDli1cG5dn+hmfhfrYqHSVdoFYGeXAJv83sRgQDfYsfirbpahNVIUXnR6QIDAQAB\no4IC+TCCAvUwHwYDVR0jBBgwFoAUgbgOY4qJEhjl+js7UJWf5uWQE4UwHQYDVR0O\nBBYEFK/GH4wzjXvYncHYC++XyrF6Q3TPMCwGA1UdEQQlMCOCIW9pZGMuZWtzLmFw\nLXNvdXRoLTEuYW1hem9uYXdzLmNvbTAOBgNVHQ8BAf8EBAMCBaAwHQYDVR0lBBYw\nFAYIKwYBBQUHAwEGCCsGAQUFBwMCMDsGA1UdHwQ0MDIwMKAuoCyGKmh0dHA6Ly9j\ncmwucjJtMDEuYW1hem9udHJ1c3QuY29tL3IybTAxLmNybDATBgNVHSAEDDAKMAgG\nBmeBDAECATB1BggrBgEFBQcBAQRpMGcwLQYIKwYBBQUHMAGGIWh0dHA6Ly9vY3Nw\nLnIybTAxLmFtYXpvbnRydXN0LmNvbTA2BggrBgEFBQcwAoYqaHR0cDovL2NydC5y\nMm0wMS5hbWF6b250cnVzdC5jb20vcjJtMDEuY2VyMAwGA1UdEwEB/wQCMAAwggF9\nBgorBgEEAdZ5AgQCBIIBbQSCAWkBZwB2AHb/iD8KtvuVUcJhzPWHujS0pM27Kdxo\nQgqf5mdMWjp0AAABh4JC93IAAAQDAEcwRQIgSGN5cVYt0NaSiQdQL3/2Y8FzFPKv\nfb4B/lxt558ax/gCIQDcyDNJDOQLykt6OYvfUFbPT2au+Sx8jwW9O0M8uKnLgwB2\nAHPZnokbTJZ4oCB9R53mssYc0FFecRkqjGuAEHrBd3K1AAABh4JC95UAAAQDAEcw\nRQIhAPyDaevv07moby742IE/pEcIvayHaPweIpIaBtn2151yAiAZWvB6YwFW7yzr\nL4sP56WkScvnAjpn8tUMUvE1YkZ8uwB1AEiw42vapkc0D+VqAvqdMOscUgHLVt0s\ngdm7v6s52IRzAAABh4JC92MAAAQDAEYwRAIgG4EVA1zmifPvD50Y5vrpRgUoieR2\nTTvSuob62xu0iVsCIHUUdI+wpcOMIxGRsEEcPRdvTdxngSBGlNuHiM8chkNsMA0G\nCSqGSIb3DQEBCwUAA4IBAQCXSU3/S67WVLb5MUU3bhb4Uj3r/z1iH8mcuOPpHSFV\n2mC/nuSEb+dQ/Yvlj27k1Oiim45NsDSxglIo5a+aI1YLd1vZDykQXU/K3c7jYkX6\nJYgGBhDmxq6shmLCqc3zUY8NjfirJN7dKgFpBF9T2YOMRmGPMTfaTMfYbQvAhQ0A\nfdIQVV+tVluMevpYIthm52vDSBdXCwzDDGdAAgqHfuLuKgWupX9Vn6I7tbWeOYMN\nzgtsRdsyu4r1NvXRL1IANNkuFUHOH1yfiatMnNfR27vgWpmqvbdTQTrkxPfgxDF4\nCEMM+JOHHBcH88bd2RtCEgwSu2F2rZQRrKsV4ye5lrOM\n-----END CERTIFICATE-----\n",
                "is_ca": false,
                "issuer": "CN=Amazon RSA 2048 M01,O=Amazon,C=US",
                "not_after": "2024-05-13T23:59:59Z",
                "not_before": "2023-04-15T00:00:00Z",
                "public_key_algorithm": "RSA",
                "serial_number": "4745235693810004574080242856439318492",
                "sha1_fingerprint": "b7e3017b01708fa231aa0dbd1b7ec441e2646149",
                "signature_algorithm": "SHA256-RSA",
                "subject": "CN=oidc.eks.ap-south-1.amazonaws.com",
                "version": 3
              }
            ],
            "content": null,
            "id": "19f1975010c6112f8493618c27b546ca956a4667",
            "url": "https://oidc.eks.ap-south-1.amazonaws.com/id/F7227EDCD118D9B37DE6B2AB57F016E3",
            "verify_chain": true
          },
          "sensitive_attributes": []
        }
      ]
    },
    {
      "mode": "managed",
      "type": "aws_cloudwatch_log_group",
      "name": "this",
      "provider": "provider[\"registry.terraform.io/hashicorp/aws\"]",
      "instances": [
        {
          "index_key": 0,
          "schema_version": 0,
          "attributes": {
            "arn": "arn:aws:logs:ap-south-1:606348016399:log-group:/aws/eks/EKS_Cluster/cluster",
            "id": "/aws/eks/EKS_Cluster/cluster",
            "kms_key_id": "",
            "log_group_class": "STANDARD",
            "name": "/aws/eks/EKS_Cluster/cluster",
            "name_prefix": "",
            "retention_in_days": 90,
            "skip_destroy": false,
            "tags": {
              "Name": "/aws/eks/EKS_Cluster/cluster"
            },
            "tags_all": {
              "Name": "/aws/eks/EKS_Cluster/cluster"
            }
          },
          "sensitive_attributes": [],
          "private": "bnVsbA==",
          "create_before_destroy": true
        }
      ]
    },
    {
      "mode": "managed",
      "type": "aws_eks_cluster",
      "name": "this",
      "provider": "provider[\"registry.terraform.io/hashicorp/aws\"]",
      "instances": [
        {
          "index_key": 0,
          "schema_version": 0,
          "attributes": {
            "access_config": [
              {
                "authentication_mode": "API_AND_CONFIG_MAP",
                "bootstrap_cluster_creator_admin_permissions": false
              }
            ],
            "arn": "arn:aws:eks:ap-south-1:606348016399:cluster/EKS_Cluster",
            "certificate_authority": [
              {
                "data": "LS0tLS1CRUdJTiBDRVJUSUZJQ0FURS0tLS0tCk1JSURCVENDQWUyZ0F3SUJBZ0lJWHhMbks3aEZmUm93RFFZSktvWklodmNOQVFFTEJRQXdGVEVUTUJFR0ExVUUKQXhNS2EzVmlaWEp1WlhSbGN6QWVGdzB5TkRBeU1qY3dOakV3TURkYUZ3MHpOREF5TWpRd05qRTFNRGRhTUJVeApFekFSQmdOVkJBTVRDbXQxWW1WeWJtVjBaWE13Z2dFaU1BMEdDU3FHU0liM0RRRUJBUVVBQTRJQkR3QXdnZ0VLCkFvSUJBUUM1a1ZOUlBmUjh4UnRWbmtDeFh0RDBNMVREWEc5REdoLzRrMmR6d0lRWjNQWUtvN1N0OUdRcENHWTUKb01xSVlOUnRHM25RQXgwckFZN1R2eGF2cEdZblBJbHFXWmpLVnF1TmhkcjUwR3NMY1Jld0NNRDlwVnVOdDFsQgp5alI3SjF6Y0FnUk1TRnB2dG1Zb2hlR0x3V1poSUFqd2U0K25PdE5ZUHh4c0crU1VKS2JORWxrRUZCQm1zSFZLCjBFakE4QXpGMkdTQ0JDV09NYjlsall4UVZhcDJBOXVLVTRhTTJQTjlkdmsvNklrd1pwUW5kZEg5clBGQXNRRG0KdVY5NjlxQjFUWlFLMDNBU0xkckhCQjhoMjJJRjJpTXNsUHJvTXNUUmZIcHoxbDRoZmxWR3BQL3hWZkdESDhwSApveDZlSi9KdVpRYUZwUnp6eFNMZFpYbHV6bEQ3QWdNQkFBR2pXVEJYTUE0R0ExVWREd0VCL3dRRUF3SUNwREFQCkJnTlZIUk1CQWY4RUJUQURBUUgvTUIwR0ExVWREZ1FXQkJTNnFXMHczM0ZUd2hTa1dWVnBHN0VJTWpzV0lqQVYKQmdOVkhSRUVEakFNZ2dwcmRXSmxjbTVsZEdWek1BMEdDU3FHU0liM0RRRUJDd1VBQTRJQkFRQ1V2RVpIOUZ6MwpwZTRZb0k2QTAyVlFWNm9yZDNNNUNoTTEzL25JcUpjUnhPUm9IVzZxNFhxaWJiYlBlTGphQThtZ1E3bWU4SmF4ClFGcUFJUnFzclpOZXFZaG9BV3hpc25ycDNIUFdiemRmcEh3MXYxZU9aWTllNXdWZFhKa1dSdm9KN2hpMTRUMlUKSFNsRHdrajMvNU9zYW1YWkxPRWxWeWNFUGxoR29QNjg3QmJVT010MStKOEpDOURqcGthdzZzOXRxZzVNQ29BQgowOFBDQ1BaSWhna1AvY09vVElSdzBFbmNtK243ZVY1eHgwYUtuNmdLb0dkZnduZEY1VDdzQ1VXMGN5VnpNcGtDCjFwcllKQWNXRElIanZIUFNOL0lxVVc4VGk4SjYzeUExYzUzMnFib1p2Qit6Rm10RDBmOWNXLzVrMGVFaUxrRkcKNm1YdjdDYlNqV0F5Ci0tLS0tRU5EIENFUlRJRklDQVRFLS0tLS0K"
              }
            ],
            "cluster_id": null,
            "created_at": "2024-02-27 06:10:41.679 +0000 UTC",
            "enabled_cluster_log_types": [
              "api",
              "audit",
              "authenticator"
            ],
            "encryption_config": [
              {
                "provider": [
                  {
                    "key_arn": "arn:aws:kms:ap-south-1:606348016399:key/afb993db-6a54-40ce-a1ff-81c715fff826"
                  }
                ],
                "resources": [
                  "secrets"
                ]
              }
            ],
            "endpoint": "https://F7227EDCD118D9B37DE6B2AB57F016E3.gr7.ap-south-1.eks.amazonaws.com",
            "id": "EKS_Cluster",
            "identity": [
              {
                "oidc": [
                  {
                    "issuer": "https://oidc.eks.ap-south-1.amazonaws.com/id/F7227EDCD118D9B37DE6B2AB57F016E3"
                  }
                ]
              }
            ],
            "kubernetes_network_config": [
              {
                "ip_family": "ipv4",
                "service_ipv4_cidr": "10.100.0.0/16",
                "service_ipv6_cidr": ""
              }
            ],
            "name": "EKS_Cluster",
            "outpost_config": [],
            "platform_version": "eks.1",
            "role_arn": "arn:aws:iam::606348016399:role/EKS_Cluster-cluster-20240227050354103800000003",
            "status": "ACTIVE",
            "tags": {
              "terraform-aws-modules": "eks"
            },
            "tags_all": {
              "terraform-aws-modules": "eks"
            },
            "timeouts": {
              "create": null,
              "delete": null,
              "update": null
            },
            "version": "1.29",
            "vpc_config": [
              {
                "cluster_security_group_id": "sg-014e6bbe8d7fe9948",
                "endpoint_private_access": true,
                "endpoint_public_access": false,
                "public_access_cidrs": [
                  "0.0.0.0/0"
                ],
                "security_group_ids": [
                  "sg-01c2eb911143ee02d"
                ],
                "subnet_ids": [
                  "subnet-05717db02d9fc4d72",
                  "subnet-0e755a048a221c741"
                ],
                "vpc_id": "vpc-0e31f006a49389420"
              }
            ]
          },
          "sensitive_attributes": [],
          "private": "eyJlMmJmYjczMC1lY2FhLTExZTYtOGY4OC0zNDM2M2JjN2M0YzAiOnsiY3JlYXRlIjoxODAwMDAwMDAwMDAwLCJkZWxldGUiOjkwMDAwMDAwMDAwMCwidXBkYXRlIjozNjAwMDAwMDAwMDAwfX0=",
          "dependencies": [
            "aws_cloudwatch_log_group.this",
            "aws_iam_policy.cni_ipv6_policy",
            "aws_iam_role.this",
            "aws_iam_role_policy_attachment.this",
            "aws_security_group.cluster",
            "aws_security_group.node",
            "aws_security_group_rule.cluster",
            "aws_security_group_rule.node",
            "data.aws_caller_identity.current",
            "data.aws_iam_policy_document.assume_role_policy",
            "data.aws_iam_policy_document.cni_ipv6_policy",
            "data.aws_iam_session_context.current",
            "data.aws_partition.current",
            "module.kms.aws_kms_external_key.this",
            "module.kms.aws_kms_key.this",
            "module.kms.aws_kms_replica_external_key.this",
            "module.kms.aws_kms_replica_key.this",
            "module.kms.data.aws_caller_identity.current",
            "module.kms.data.aws_iam_policy_document.this",
            "module.kms.data.aws_partition.current"
          ]
        }
      ]
    },
    {
      "mode": "managed",
      "type": "aws_iam_openid_connect_provider",
      "name": "oidc_provider",
      "provider": "provider[\"registry.terraform.io/hashicorp/aws\"]",
      "instances": [
        {
          "index_key": 0,
          "schema_version": 0,
          "attributes": {
            "arn": "arn:aws:iam::606348016399:oidc-provider/oidc.eks.ap-south-1.amazonaws.com/id/F7227EDCD118D9B37DE6B2AB57F016E3",
            "client_id_list": [
              "sts.amazonaws.com"
            ],
            "id": "arn:aws:iam::606348016399:oidc-provider/oidc.eks.ap-south-1.amazonaws.com/id/F7227EDCD118D9B37DE6B2AB57F016E3",
            "tags": {
              "Name": "EKS_Cluster-eks-irsa"
            },
            "tags_all": {
              "Name": "EKS_Cluster-eks-irsa"
            },
            "thumbprint_list": [
              "9e99a48a9960b14926bb7f3b02e22da2b0ab7280"
            ],
            "url": "oidc.eks.ap-south-1.amazonaws.com/id/F7227EDCD118D9B37DE6B2AB57F016E3"
          },
          "sensitive_attributes": [],
          "private": "bnVsbA==",
          "dependencies": [
            "aws_cloudwatch_log_group.this",
            "aws_eks_cluster.this",
            "aws_iam_policy.cni_ipv6_policy",
            "aws_iam_role.this",
            "aws_iam_role_policy_attachment.this",
            "aws_security_group.cluster",
            "aws_security_group.node",
            "aws_security_group_rule.cluster",
            "aws_security_group_rule.node",
            "data.aws_caller_identity.current",
            "data.aws_iam_policy_document.assume_role_policy",
            "data.aws_iam_policy_document.cni_ipv6_policy",
            "data.aws_iam_session_context.current",
            "data.aws_partition.current",
            "data.tls_certificate.this",
            "module.kms.aws_kms_external_key.this",
            "module.kms.aws_kms_key.this",
            "module.kms.aws_kms_replica_external_key.this",
            "module.kms.aws_kms_replica_key.this",
            "module.kms.data.aws_caller_identity.current",
            "module.kms.data.aws_iam_policy_document.this",
            "module.kms.data.aws_partition.current"
          ]
        }
      ]
    },
    {
      "mode": "managed",
      "type": "aws_iam_policy",
      "name": "cluster_encryption",
      "provider": "provider[\"registry.terraform.io/hashicorp/aws\"]",
      "instances": [
        {
          "index_key": 0,
          "schema_version": 0,
          "attributes": {
            "arn": "arn:aws:iam::606348016399:policy/EKS_Cluster-cluster-ClusterEncryption20240227050408563300000006",
            "description": "Cluster encryption policy to allow cluster role to utilize CMK provided",
            "id": "arn:aws:iam::606348016399:policy/EKS_Cluster-cluster-ClusterEncryption20240227050408563300000006",
            "name": "EKS_Cluster-cluster-ClusterEncryption20240227050408563300000006",
            "name_prefix": "EKS_Cluster-cluster-ClusterEncryption",
            "path": "/",
            "policy": "{\"Statement\":[{\"Action\":[\"kms:Encrypt\",\"kms:Decrypt\",\"kms:ListGrants\",\"kms:DescribeKey\"],\"Effect\":\"Allow\",\"Resource\":\"arn:aws:kms:ap-south-1:606348016399:key/afb993db-6a54-40ce-a1ff-81c715fff826\"}],\"Version\":\"2012-10-17\"}",
            "policy_id": "ANPAY2LJIPMHZVRTD73BV",
            "tags": {},
            "tags_all": {}
          },
          "sensitive_attributes": [],
          "private": "bnVsbA==",
          "dependencies": [
            "aws_iam_role.this",
            "data.aws_caller_identity.current",
            "data.aws_iam_policy_document.assume_role_policy",
            "data.aws_iam_session_context.current",
            "module.kms.aws_kms_external_key.this",
            "module.kms.aws_kms_key.this",
            "module.kms.aws_kms_replica_external_key.this",
            "module.kms.aws_kms_replica_key.this",
            "module.kms.data.aws_caller_identity.current",
            "module.kms.data.aws_iam_policy_document.this",
            "module.kms.data.aws_partition.current"
          ]
        }
      ]
    },
    {
      "mode": "managed",
      "type": "aws_iam_role",
      "name": "this",
      "provider": "provider[\"registry.terraform.io/hashicorp/aws\"]",
      "instances": [
        {
          "index_key": 0,
          "schema_version": 0,
          "attributes": {
            "arn": "arn:aws:iam::606348016399:role/EKS_Cluster-cluster-20240227050354103800000003",
            "assume_role_policy": "{\"Statement\":[{\"Action\":\"sts:AssumeRole\",\"Effect\":\"Allow\",\"Principal\":{\"Service\":\"eks.amazonaws.com\"},\"Sid\":\"EKSClusterAssumeRole\"}],\"Version\":\"2012-10-17\"}",
            "create_date": "2024-02-27T05:07:26Z",
            "description": "",
            "force_detach_policies": true,
            "id": "EKS_Cluster-cluster-20240227050354103800000003",
            "inline_policy": [
              {
                "name": "EKS_Cluster-cluster",
                "policy": "{\"Version\":\"2012-10-17\",\"Statement\":[{\"Action\":[\"logs:CreateLogGroup\"],\"Effect\":\"Deny\",\"Resource\":\"*\"}]}"
              }
            ],
            "managed_policy_arns": [
              "arn:aws:iam::606348016399:policy/EKS_Cluster-cluster-ClusterEncryption20240227050408563300000006",
              "arn:aws:iam::aws:policy/AmazonEKSClusterPolicy",
              "arn:aws:iam::aws:policy/AmazonEKSVPCResourceController"
            ],
            "max_session_duration": 3600,
            "name": "EKS_Cluster-cluster-20240227050354103800000003",
            "name_prefix": "EKS_Cluster-cluster-",
            "path": "/",
            "permissions_boundary": "",
            "tags": {},
            "tags_all": {},
            "unique_id": "AROAY2LJIPMHZG3MB4EZG"
          },
          "sensitive_attributes": [],
          "private": "bnVsbA==",
          "dependencies": [
            "data.aws_iam_policy_document.assume_role_policy"
          ],
          "create_before_destroy": true
        }
      ]
    },
    {
      "mode": "managed",
      "type": "aws_iam_role_policy_attachment",
      "name": "cluster_encryption",
      "provider": "provider[\"registry.terraform.io/hashicorp/aws\"]",
      "instances": [
        {
          "index_key": 0,
          "schema_version": 0,
          "attributes": {
            "id": "EKS_Cluster-cluster-20240227050354103800000003-20240227050409665100000007",
            "policy_arn": "arn:aws:iam::606348016399:policy/EKS_Cluster-cluster-ClusterEncryption20240227050408563300000006",
            "role": "EKS_Cluster-cluster-20240227050354103800000003"
          },
          "sensitive_attributes": [],
          "private": "bnVsbA==",
          "dependencies": [
            "aws_iam_policy.cluster_encryption",
            "aws_iam_role.this",
            "data.aws_caller_identity.current",
            "data.aws_iam_policy_document.assume_role_policy",
            "data.aws_iam_session_context.current",
            "module.kms.aws_kms_external_key.this",
            "module.kms.aws_kms_key.this",
            "module.kms.aws_kms_replica_external_key.this",
            "module.kms.aws_kms_replica_key.this",
            "module.kms.data.aws_caller_identity.current",
            "module.kms.data.aws_iam_policy_document.this",
            "module.kms.data.aws_partition.current"
          ]
        }
      ]
    },
    {
      "mode": "managed",
      "type": "aws_iam_role_policy_attachment",
      "name": "this",
      "provider": "provider[\"registry.terraform.io/hashicorp/aws\"]",
      "instances": [
        {
          "index_key": "AmazonEKSClusterPolicy",
          "schema_version": 0,
          "attributes": {
            "id": "EKS_Cluster-cluster-20240227050354103800000003-20240227050355884200000004",
            "policy_arn": "arn:aws:iam::aws:policy/AmazonEKSClusterPolicy",
            "role": "EKS_Cluster-cluster-20240227050354103800000003"
          },
          "sensitive_attributes": [],
          "private": "bnVsbA==",
          "dependencies": [
            "aws_iam_role.this",
            "data.aws_iam_policy_document.assume_role_policy",
            "data.aws_partition.current"
          ],
          "create_before_destroy": true
        },
        {
          "index_key": "AmazonEKSVPCResourceController",
          "schema_version": 0,
          "attributes": {
            "id": "EKS_Cluster-cluster-20240227050354103800000003-20240227050356392600000005",
            "policy_arn": "arn:aws:iam::aws:policy/AmazonEKSVPCResourceController",
            "role": "EKS_Cluster-cluster-20240227050354103800000003"
          },
          "sensitive_attributes": [],
          "private": "bnVsbA==",
          "dependencies": [
            "aws_iam_role.this",
            "data.aws_iam_policy_document.assume_role_policy",
            "data.aws_partition.current"
          ],
          "create_before_destroy": true
        }
      ]
    },
    {
      "mode": "managed",
      "type": "aws_security_group",
      "name": "cluster",
      "provider": "provider[\"registry.terraform.io/hashicorp/aws\"]",
      "instances": [
        {
          "index_key": 0,
          "schema_version": 1,
          "attributes": {
            "arn": "arn:aws:ec2:ap-south-1:606348016399:security-group/sg-01c2eb911143ee02d",
            "description": "EKS cluster security group",
            "egress": [],
            "id": "sg-01c2eb911143ee02d",
            "ingress": [
              {
                "cidr_blocks": [],
                "description": "Node groups to cluster API",
                "from_port": 443,
                "ipv6_cidr_blocks": [],
                "prefix_list_ids": [],
                "protocol": "tcp",
                "security_groups": [
                  "sg-0ada8cb3b96ef50b6"
                ],
                "self": false,
                "to_port": 443
              }
            ],
            "name": "EKS_Cluster-cluster-20240227050352416500000002",
            "name_prefix": "EKS_Cluster-cluster-",
            "owner_id": "606348016399",
            "revoke_rules_on_delete": false,
            "tags": {
              "Name": "EKS_Cluster-cluster"
            },
            "tags_all": {
              "Name": "EKS_Cluster-cluster"
            },
            "timeouts": null,
            "vpc_id": "vpc-0e31f006a49389420"
          },
          "sensitive_attributes": [],
          "private": "eyJlMmJmYjczMC1lY2FhLTExZTYtOGY4OC0zNDM2M2JjN2M0YzAiOnsiY3JlYXRlIjo2MDAwMDAwMDAwMDAsImRlbGV0ZSI6OTAwMDAwMDAwMDAwfSwic2NoZW1hX3ZlcnNpb24iOiIxIn0=",
          "create_before_destroy": true
        }
      ]
    },
    {
      "mode": "managed",
      "type": "aws_security_group",
      "name": "node",
      "provider": "provider[\"registry.terraform.io/hashicorp/aws\"]",
      "instances": [
        {
          "index_key": 0,
          "schema_version": 1,
          "attributes": {
            "arn": "arn:aws:ec2:ap-south-1:606348016399:security-group/sg-0ada8cb3b96ef50b6",
            "description": "EKS node shared security group",
            "egress": [
              {
                "cidr_blocks": [
                  "0.0.0.0/0"
                ],
                "description": "Allow all egress",
                "from_port": 0,
                "ipv6_cidr_blocks": [],
                "prefix_list_ids": [],
                "protocol": "-1",
                "security_groups": [],
                "self": false,
                "to_port": 0
              }
            ],
            "id": "sg-0ada8cb3b96ef50b6",
            "ingress": [
              {
                "cidr_blocks": [],
                "description": "Cluster API to node 4443/tcp webhook",
                "from_port": 4443,
                "ipv6_cidr_blocks": [],
                "prefix_list_ids": [],
                "protocol": "tcp",
                "security_groups": [
                  "sg-01c2eb911143ee02d"
                ],
                "self": false,
                "to_port": 4443
              },
              {
                "cidr_blocks": [],
                "description": "Cluster API to node 6443/tcp webhook",
                "from_port": 6443,
                "ipv6_cidr_blocks": [],
                "prefix_list_ids": [],
                "protocol": "tcp",
                "security_groups": [
                  "sg-01c2eb911143ee02d"
                ],
                "self": false,
                "to_port": 6443
              },
              {
                "cidr_blocks": [],
                "description": "Cluster API to node 8443/tcp webhook",
                "from_port": 8443,
                "ipv6_cidr_blocks": [],
                "prefix_list_ids": [],
                "protocol": "tcp",
                "security_groups": [
                  "sg-01c2eb911143ee02d"
                ],
                "self": false,
                "to_port": 8443
              },
              {
                "cidr_blocks": [],
                "description": "Cluster API to node 9443/tcp webhook",
                "from_port": 9443,
                "ipv6_cidr_blocks": [],
                "prefix_list_ids": [],
                "protocol": "tcp",
                "security_groups": [
                  "sg-01c2eb911143ee02d"
                ],
                "self": false,
                "to_port": 9443
              },
              {
                "cidr_blocks": [],
                "description": "Cluster API to node groups",
                "from_port": 443,
                "ipv6_cidr_blocks": [],
                "prefix_list_ids": [],
                "protocol": "tcp",
                "security_groups": [
                  "sg-01c2eb911143ee02d"
                ],
                "self": false,
                "to_port": 443
              },
              {
                "cidr_blocks": [],
                "description": "Cluster API to node kubelets",
                "from_port": 10250,
                "ipv6_cidr_blocks": [],
                "prefix_list_ids": [],
                "protocol": "tcp",
                "security_groups": [
                  "sg-01c2eb911143ee02d"
                ],
                "self": false,
                "to_port": 10250
              },
              {
                "cidr_blocks": [],
                "description": "Node to node CoreDNS UDP",
                "from_port": 53,
                "ipv6_cidr_blocks": [],
                "prefix_list_ids": [],
                "protocol": "udp",
                "security_groups": [],
                "self": true,
                "to_port": 53
              },
              {
                "cidr_blocks": [],
                "description": "Node to node CoreDNS",
                "from_port": 53,
                "ipv6_cidr_blocks": [],
                "prefix_list_ids": [],
                "protocol": "tcp",
                "security_groups": [],
                "self": true,
                "to_port": 53
              },
              {
                "cidr_blocks": [],
                "description": "Node to node ingress on ephemeral ports",
                "from_port": 1025,
                "ipv6_cidr_blocks": [],
                "prefix_list_ids": [],
                "protocol": "tcp",
                "security_groups": [],
                "self": true,
                "to_port": 65535
              }
            ],
            "name": "EKS_Cluster-node-20240227050352416400000001",
            "name_prefix": "EKS_Cluster-node-",
            "owner_id": "606348016399",
            "revoke_rules_on_delete": false,
            "tags": {
              "Name": "EKS_Cluster-node",
              "kubernetes.io/cluster/EKS_Cluster": "owned"
            },
            "tags_all": {
              "Name": "EKS_Cluster-node",
              "kubernetes.io/cluster/EKS_Cluster": "owned"
            },
            "timeouts": null,
            "vpc_id": "vpc-0e31f006a49389420"
          },
          "sensitive_attributes": [],
          "private": "eyJlMmJmYjczMC1lY2FhLTExZTYtOGY4OC0zNDM2M2JjN2M0YzAiOnsiY3JlYXRlIjo2MDAwMDAwMDAwMDAsImRlbGV0ZSI6OTAwMDAwMDAwMDAwfSwic2NoZW1hX3ZlcnNpb24iOiIxIn0=",
          "create_before_destroy": true
        }
      ]
    },
    {
      "mode": "managed",
      "type": "aws_security_group_rule",
      "name": "cluster",
      "provider": "provider[\"registry.terraform.io/hashicorp/aws\"]",
      "instances": [
        {
          "index_key": "ingress_nodes_443",
          "schema_version": 2,
          "attributes": {
            "cidr_blocks": null,
            "description": "Node groups to cluster API",
            "from_port": 443,
            "id": "sgrule-1901910336",
            "ipv6_cidr_blocks": null,
            "prefix_list_ids": null,
            "protocol": "tcp",
            "security_group_id": "sg-01c2eb911143ee02d",
            "security_group_rule_id": "sgr-0b465ffd7cc9dca3c",
            "self": false,
            "source_security_group_id": "sg-0ada8cb3b96ef50b6",
            "timeouts": null,
            "to_port": 443,
            "type": "ingress"
          },
          "sensitive_attributes": [],
          "private": "eyJlMmJmYjczMC1lY2FhLTExZTYtOGY4OC0zNDM2M2JjN2M0YzAiOnsiY3JlYXRlIjozMDAwMDAwMDAwMDB9LCJzY2hlbWFfdmVyc2lvbiI6IjIifQ==",
          "dependencies": [
            "aws_security_group.cluster",
            "aws_security_group.node"
          ],
          "create_before_destroy": true
        }
      ]
    },
    {
      "mode": "managed",
      "type": "aws_security_group_rule",
      "name": "node",
      "provider": "provider[\"registry.terraform.io/hashicorp/aws\"]",
      "instances": [
        {
          "index_key": "egress_all",
          "schema_version": 2,
          "attributes": {
            "cidr_blocks": [
              "0.0.0.0/0"
            ],
            "description": "Allow all egress",
            "from_port": 0,
            "id": "sgrule-58707244",
            "ipv6_cidr_blocks": null,
            "prefix_list_ids": [],
            "protocol": "-1",
            "security_group_id": "sg-0ada8cb3b96ef50b6",
            "security_group_rule_id": "sgr-01ce0cda56919d8dc",
            "self": false,
            "source_security_group_id": null,
            "timeouts": null,
            "to_port": 0,
            "type": "egress"
          },
          "sensitive_attributes": [],
          "private": "eyJlMmJmYjczMC1lY2FhLTExZTYtOGY4OC0zNDM2M2JjN2M0YzAiOnsiY3JlYXRlIjozMDAwMDAwMDAwMDB9LCJzY2hlbWFfdmVyc2lvbiI6IjIifQ==",
          "dependencies": [
            "aws_security_group.cluster",
            "aws_security_group.node"
          ],
          "create_before_destroy": true
        },
        {
          "index_key": "ingress_cluster_443",
          "schema_version": 2,
          "attributes": {
            "cidr_blocks": null,
            "description": "Cluster API to node groups",
            "from_port": 443,
            "id": "sgrule-1926490911",
            "ipv6_cidr_blocks": null,
            "prefix_list_ids": [],
            "protocol": "tcp",
            "security_group_id": "sg-0ada8cb3b96ef50b6",
            "security_group_rule_id": "sgr-05fee1bd4f4629662",
            "self": false,
            "source_security_group_id": "sg-01c2eb911143ee02d",
            "timeouts": null,
            "to_port": 443,
            "type": "ingress"
          },
          "sensitive_attributes": [],
          "private": "eyJlMmJmYjczMC1lY2FhLTExZTYtOGY4OC0zNDM2M2JjN2M0YzAiOnsiY3JlYXRlIjozMDAwMDAwMDAwMDB9LCJzY2hlbWFfdmVyc2lvbiI6IjIifQ==",
          "dependencies": [
            "aws_security_group.cluster",
            "aws_security_group.node"
          ],
          "create_before_destroy": true
        },
        {
          "index_key": "ingress_cluster_4443_webhook",
          "schema_version": 2,
          "attributes": {
            "cidr_blocks": null,
            "description": "Cluster API to node 4443/tcp webhook",
            "from_port": 4443,
            "id": "sgrule-3076073872",
            "ipv6_cidr_blocks": null,
            "prefix_list_ids": [],
            "protocol": "tcp",
            "security_group_id": "sg-0ada8cb3b96ef50b6",
            "security_group_rule_id": "sgr-0956412ee529e4323",
            "self": false,
            "source_security_group_id": "sg-01c2eb911143ee02d",
            "timeouts": null,
            "to_port": 4443,
            "type": "ingress"
          },
          "sensitive_attributes": [],
          "private": "eyJlMmJmYjczMC1lY2FhLTExZTYtOGY4OC0zNDM2M2JjN2M0YzAiOnsiY3JlYXRlIjozMDAwMDAwMDAwMDB9LCJzY2hlbWFfdmVyc2lvbiI6IjIifQ==",
          "dependencies": [
            "aws_security_group.cluster",
            "aws_security_group.node"
          ],
          "create_before_destroy": true
        },
        {
          "index_key": "ingress_cluster_6443_webhook",
          "schema_version": 2,
          "attributes": {
            "cidr_blocks": null,
            "description": "Cluster API to node 6443/tcp webhook",
            "from_port": 6443,
            "id": "sgrule-2115718662",
            "ipv6_cidr_blocks": null,
            "prefix_list_ids": [],
            "protocol": "tcp",
            "security_group_id": "sg-0ada8cb3b96ef50b6",
            "security_group_rule_id": "sgr-0da00f276f7a84be9",
            "self": false,
            "source_security_group_id": "sg-01c2eb911143ee02d",
            "timeouts": null,
            "to_port": 6443,
            "type": "ingress"
          },
          "sensitive_attributes": [],
          "private": "eyJlMmJmYjczMC1lY2FhLTExZTYtOGY4OC0zNDM2M2JjN2M0YzAiOnsiY3JlYXRlIjozMDAwMDAwMDAwMDB9LCJzY2hlbWFfdmVyc2lvbiI6IjIifQ==",
          "dependencies": [
            "aws_security_group.cluster",
            "aws_security_group.node"
          ],
          "create_before_destroy": true
        },
        {
          "index_key": "ingress_cluster_8443_webhook",
          "schema_version": 2,
          "attributes": {
            "cidr_blocks": null,
            "description": "Cluster API to node 8443/tcp webhook",
            "from_port": 8443,
            "id": "sgrule-1833398823",
            "ipv6_cidr_blocks": null,
            "prefix_list_ids": [],
            "protocol": "tcp",
            "security_group_id": "sg-0ada8cb3b96ef50b6",
            "security_group_rule_id": "sgr-02b2d46b30548cc09",
            "self": false,
            "source_security_group_id": "sg-01c2eb911143ee02d",
            "timeouts": null,
            "to_port": 8443,
            "type": "ingress"
          },
          "sensitive_attributes": [],
          "private": "eyJlMmJmYjczMC1lY2FhLTExZTYtOGY4OC0zNDM2M2JjN2M0YzAiOnsiY3JlYXRlIjozMDAwMDAwMDAwMDB9LCJzY2hlbWFfdmVyc2lvbiI6IjIifQ==",
          "dependencies": [
            "aws_security_group.cluster",
            "aws_security_group.node"
          ],
          "create_before_destroy": true
        },
        {
          "index_key": "ingress_cluster_9443_webhook",
          "schema_version": 2,
          "attributes": {
            "cidr_blocks": null,
            "description": "Cluster API to node 9443/tcp webhook",
            "from_port": 9443,
            "id": "sgrule-166085100",
            "ipv6_cidr_blocks": null,
            "prefix_list_ids": [],
            "protocol": "tcp",
            "security_group_id": "sg-0ada8cb3b96ef50b6",
            "security_group_rule_id": "sgr-0a0b5aab786dfc1e8",
            "self": false,
            "source_security_group_id": "sg-01c2eb911143ee02d",
            "timeouts": null,
            "to_port": 9443,
            "type": "ingress"
          },
          "sensitive_attributes": [],
          "private": "eyJlMmJmYjczMC1lY2FhLTExZTYtOGY4OC0zNDM2M2JjN2M0YzAiOnsiY3JlYXRlIjozMDAwMDAwMDAwMDB9LCJzY2hlbWFfdmVyc2lvbiI6IjIifQ==",
          "dependencies": [
            "aws_security_group.cluster",
            "aws_security_group.node"
          ],
          "create_before_destroy": true
        },
        {
          "index_key": "ingress_cluster_kubelet",
          "schema_version": 2,
          "attributes": {
            "cidr_blocks": null,
            "description": "Cluster API to node kubelets",
            "from_port": 10250,
            "id": "sgrule-3310230668",
            "ipv6_cidr_blocks": null,
            "prefix_list_ids": [],
            "protocol": "tcp",
            "security_group_id": "sg-0ada8cb3b96ef50b6",
            "security_group_rule_id": "sgr-0a7c22e18a725a4f9",
            "self": false,
            "source_security_group_id": "sg-01c2eb911143ee02d",
            "timeouts": null,
            "to_port": 10250,
            "type": "ingress"
          },
          "sensitive_attributes": [],
          "private": "eyJlMmJmYjczMC1lY2FhLTExZTYtOGY4OC0zNDM2M2JjN2M0YzAiOnsiY3JlYXRlIjozMDAwMDAwMDAwMDB9LCJzY2hlbWFfdmVyc2lvbiI6IjIifQ==",
          "dependencies": [
            "aws_security_group.cluster",
            "aws_security_group.node"
          ],
          "create_before_destroy": true
        },
        {
          "index_key": "ingress_nodes_ephemeral",
          "schema_version": 2,
          "attributes": {
            "cidr_blocks": null,
            "description": "Node to node ingress on ephemeral ports",
            "from_port": 1025,
            "id": "sgrule-1321454581",
            "ipv6_cidr_blocks": null,
            "prefix_list_ids": [],
            "protocol": "tcp",
            "security_group_id": "sg-0ada8cb3b96ef50b6",
            "security_group_rule_id": "sgr-03dfba74635825cc8",
            "self": true,
            "source_security_group_id": null,
            "timeouts": null,
            "to_port": 65535,
            "type": "ingress"
          },
          "sensitive_attributes": [],
          "private": "eyJlMmJmYjczMC1lY2FhLTExZTYtOGY4OC0zNDM2M2JjN2M0YzAiOnsiY3JlYXRlIjozMDAwMDAwMDAwMDB9LCJzY2hlbWFfdmVyc2lvbiI6IjIifQ==",
          "dependencies": [
            "aws_security_group.cluster",
            "aws_security_group.node"
          ],
          "create_before_destroy": true
        },
        {
          "index_key": "ingress_self_coredns_tcp",
          "schema_version": 2,
          "attributes": {
            "cidr_blocks": null,
            "description": "Node to node CoreDNS",
            "from_port": 53,
            "id": "sgrule-3387467675",
            "ipv6_cidr_blocks": null,
            "prefix_list_ids": [],
            "protocol": "tcp",
            "security_group_id": "sg-0ada8cb3b96ef50b6",
            "security_group_rule_id": "sgr-03acd7c1b615856b1",
            "self": true,
            "source_security_group_id": null,
            "timeouts": null,
            "to_port": 53,
            "type": "ingress"
          },
          "sensitive_attributes": [],
          "private": "eyJlMmJmYjczMC1lY2FhLTExZTYtOGY4OC0zNDM2M2JjN2M0YzAiOnsiY3JlYXRlIjozMDAwMDAwMDAwMDB9LCJzY2hlbWFfdmVyc2lvbiI6IjIifQ==",
          "dependencies": [
            "aws_security_group.cluster",
            "aws_security_group.node"
          ],
          "create_before_destroy": true
        },
        {
          "index_key": "ingress_self_coredns_udp",
          "schema_version": 2,
          "attributes": {
            "cidr_blocks": null,
            "description": "Node to node CoreDNS UDP",
            "from_port": 53,
            "id": "sgrule-1840710772",
            "ipv6_cidr_blocks": null,
            "prefix_list_ids": [],
            "protocol": "udp",
            "security_group_id": "sg-0ada8cb3b96ef50b6",
            "security_group_rule_id": "sgr-00392a5711e30eef7",
            "self": true,
            "source_security_group_id": null,
            "timeouts": null,
            "to_port": 53,
            "type": "ingress"
          },
          "sensitive_attributes": [],
          "private": "eyJlMmJmYjczMC1lY2FhLTExZTYtOGY4OC0zNDM2M2JjN2M0YzAiOnsiY3JlYXRlIjozMDAwMDAwMDAwMDB9LCJzY2hlbWFfdmVyc2lvbiI6IjIifQ==",
          "dependencies": [
            "aws_security_group.cluster",
            "aws_security_group.node"
          ],
          "create_before_destroy": true
        }
      ]
    },
    {
      "mode": "managed",
      "type": "time_sleep",
      "name": "this",
      "provider": "provider[\"registry.terraform.io/hashicorp/time\"]",
      "instances": [
        {
          "index_key": 0,
          "schema_version": 0,
          "attributes": {
            "create_duration": "30s",
            "destroy_duration": null,
            "id": "2024-02-27T06:16:32Z",
            "triggers": {
              "cluster_certificate_authority_data": "LS0tLS1CRUdJTiBDRVJUSUZJQ0FURS0tLS0tCk1JSURCVENDQWUyZ0F3SUJBZ0lJWHhMbks3aEZmUm93RFFZSktvWklodmNOQVFFTEJRQXdGVEVUTUJFR0ExVUUKQXhNS2EzVmlaWEp1WlhSbGN6QWVGdzB5TkRBeU1qY3dOakV3TURkYUZ3MHpOREF5TWpRd05qRTFNRGRhTUJVeApFekFSQmdOVkJBTVRDbXQxWW1WeWJtVjBaWE13Z2dFaU1BMEdDU3FHU0liM0RRRUJBUVVBQTRJQkR3QXdnZ0VLCkFvSUJBUUM1a1ZOUlBmUjh4UnRWbmtDeFh0RDBNMVREWEc5REdoLzRrMmR6d0lRWjNQWUtvN1N0OUdRcENHWTUKb01xSVlOUnRHM25RQXgwckFZN1R2eGF2cEdZblBJbHFXWmpLVnF1TmhkcjUwR3NMY1Jld0NNRDlwVnVOdDFsQgp5alI3SjF6Y0FnUk1TRnB2dG1Zb2hlR0x3V1poSUFqd2U0K25PdE5ZUHh4c0crU1VKS2JORWxrRUZCQm1zSFZLCjBFakE4QXpGMkdTQ0JDV09NYjlsall4UVZhcDJBOXVLVTRhTTJQTjlkdmsvNklrd1pwUW5kZEg5clBGQXNRRG0KdVY5NjlxQjFUWlFLMDNBU0xkckhCQjhoMjJJRjJpTXNsUHJvTXNUUmZIcHoxbDRoZmxWR3BQL3hWZkdESDhwSApveDZlSi9KdVpRYUZwUnp6eFNMZFpYbHV6bEQ3QWdNQkFBR2pXVEJYTUE0R0ExVWREd0VCL3dRRUF3SUNwREFQCkJnTlZIUk1CQWY4RUJUQURBUUgvTUIwR0ExVWREZ1FXQkJTNnFXMHczM0ZUd2hTa1dWVnBHN0VJTWpzV0lqQVYKQmdOVkhSRUVEakFNZ2dwcmRXSmxjbTVsZEdWek1BMEdDU3FHU0liM0RRRUJDd1VBQTRJQkFRQ1V2RVpIOUZ6MwpwZTRZb0k2QTAyVlFWNm9yZDNNNUNoTTEzL25JcUpjUnhPUm9IVzZxNFhxaWJiYlBlTGphQThtZ1E3bWU4SmF4ClFGcUFJUnFzclpOZXFZaG9BV3hpc25ycDNIUFdiemRmcEh3MXYxZU9aWTllNXdWZFhKa1dSdm9KN2hpMTRUMlUKSFNsRHdrajMvNU9zYW1YWkxPRWxWeWNFUGxoR29QNjg3QmJVT010MStKOEpDOURqcGthdzZzOXRxZzVNQ29BQgowOFBDQ1BaSWhna1AvY09vVElSdzBFbmNtK243ZVY1eHgwYUtuNmdLb0dkZnduZEY1VDdzQ1VXMGN5VnpNcGtDCjFwcllKQWNXRElIanZIUFNOL0lxVVc4VGk4SjYzeUExYzUzMnFib1p2Qit6Rm10RDBmOWNXLzVrMGVFaUxrRkcKNm1YdjdDYlNqV0F5Ci0tLS0tRU5EIENFUlRJRklDQVRFLS0tLS0K",
              "cluster_endpoint": "https://F7227EDCD118D9B37DE6B2AB57F016E3.gr7.ap-south-1.eks.amazonaws.com",
              "cluster_name": "EKS_Cluster",
              "cluster_version": "1.29"
            }
          },
          "sensitive_attributes": [],
          "dependencies": [
            "aws_cloudwatch_log_group.this",
            "aws_eks_cluster.this",
            "aws_iam_policy.cni_ipv6_policy",
            "aws_iam_role.this",
            "aws_iam_role_policy_attachment.this",
            "aws_security_group.cluster",
            "aws_security_group.node",
            "aws_security_group_rule.cluster",
            "aws_security_group_rule.node",
            "data.aws_caller_identity.current",
            "data.aws_iam_policy_document.assume_role_policy",
            "data.aws_iam_policy_document.cni_ipv6_policy",
            "data.aws_iam_session_context.current",
            "data.aws_partition.current",
            "module.kms.aws_kms_external_key.this",
            "module.kms.aws_kms_key.this",
            "module.kms.aws_kms_replica_external_key.this",
            "module.kms.aws_kms_replica_key.this",
            "module.kms.data.aws_caller_identity.current",
            "module.kms.data.aws_iam_policy_document.this",
            "module.kms.data.aws_partition.current"
          ]
        }
      ]
    },
    {
      "module": "module.kms",
      "mode": "data",
      "type": "aws_caller_identity",
      "name": "current",
      "provider": "provider[\"registry.terraform.io/hashicorp/aws\"]",
      "instances": [
        {
          "index_key": 0,
          "schema_version": 0,
          "attributes": {
            "account_id": "606348016399",
            "arn": "arn:aws:iam::606348016399:user/Terraform",
            "id": "606348016399",
            "user_id": "AIDAY2LJIPMHZPS3EKXL7"
          },
          "sensitive_attributes": []
        }
      ]
    },
    {
      "module": "module.kms",
      "mode": "data",
      "type": "aws_iam_policy_document",
      "name": "this",
      "provider": "provider[\"registry.terraform.io/hashicorp/aws\"]",
      "instances": [
        {
          "index_key": 0,
          "schema_version": 0,
          "attributes": {
            "id": "3838861669",
            "json": "{\n  \"Version\": \"2012-10-17\",\n  \"Statement\": [\n    {\n      \"Sid\": \"Default\",\n      \"Effect\": \"Allow\",\n      \"Action\": \"kms:*\",\n      \"Resource\": \"*\",\n      \"Principal\": {\n        \"AWS\": \"arn:aws:iam::606348016399:root\"\n      }\n    },\n    {\n      \"Sid\": \"KeyAdministration\",\n      \"Effect\": \"Allow\",\n      \"Action\": [\n        \"kms:Update*\",\n        \"kms:UntagResource\",\n        \"kms:TagResource\",\n        \"kms:ScheduleKeyDeletion\",\n        \"kms:Revoke*\",\n        \"kms:ReplicateKey\",\n        \"kms:Put*\",\n        \"kms:List*\",\n        \"kms:ImportKeyMaterial\",\n        \"kms:Get*\",\n        \"kms:Enable*\",\n        \"kms:Disable*\",\n        \"kms:Describe*\",\n        \"kms:Delete*\",\n        \"kms:Create*\",\n        \"kms:CancelKeyDeletion\"\n      ],\n      \"Resource\": \"*\",\n      \"Principal\": {\n        \"AWS\": \"arn:aws:iam::606348016399:user/Terraform\"\n      }\n    },\n    {\n      \"Sid\": \"KeyUsage\",\n      \"Effect\": \"Allow\",\n      \"Action\": [\n        \"kms:ReEncrypt*\",\n        \"kms:GenerateDataKey*\",\n        \"kms:Encrypt\",\n        \"kms:DescribeKey\",\n        \"kms:Decrypt\"\n      ],\n      \"Resource\": \"*\",\n      \"Principal\": {\n        \"AWS\": \"arn:aws:iam::606348016399:role/EKS_Cluster-cluster-20240227050354103800000003\"\n      }\n    }\n  ]\n}",
            "override_policy_documents": null,
            "policy_id": null,
            "source_policy_documents": null,
            "statement": [
              {
                "actions": [
                  "kms:*"
                ],
                "condition": [],
                "effect": "Allow",
                "not_actions": [],
                "not_principals": [],
                "not_resources": [],
                "principals": [
                  {
                    "identifiers": [
                      "arn:aws:iam::606348016399:root"
                    ],
                    "type": "AWS"
                  }
                ],
                "resources": [
                  "*"
                ],
                "sid": "Default"
              },
              {
                "actions": [
                  "kms:CancelKeyDeletion",
                  "kms:Create*",
                  "kms:Delete*",
                  "kms:Describe*",
                  "kms:Disable*",
                  "kms:Enable*",
                  "kms:Get*",
                  "kms:ImportKeyMaterial",
                  "kms:List*",
                  "kms:Put*",
                  "kms:ReplicateKey",
                  "kms:Revoke*",
                  "kms:ScheduleKeyDeletion",
                  "kms:TagResource",
                  "kms:UntagResource",
                  "kms:Update*"
                ],
                "condition": [],
                "effect": "Allow",
                "not_actions": [],
                "not_principals": [],
                "not_resources": [],
                "principals": [
                  {
                    "identifiers": [
                      "arn:aws:iam::606348016399:user/Terraform"
                    ],
                    "type": "AWS"
                  }
                ],
                "resources": [
                  "*"
                ],
                "sid": "KeyAdministration"
              },
              {
                "actions": [
                  "kms:Decrypt",
                  "kms:DescribeKey",
                  "kms:Encrypt",
                  "kms:GenerateDataKey*",
                  "kms:ReEncrypt*"
                ],
                "condition": [],
                "effect": "Allow",
                "not_actions": [],
                "not_principals": [],
                "not_resources": [],
                "principals": [
                  {
                    "identifiers": [
                      "arn:aws:iam::606348016399:role/EKS_Cluster-cluster-20240227050354103800000003"
                    ],
                    "type": "AWS"
                  }
                ],
                "resources": [
                  "*"
                ],
                "sid": "KeyUsage"
              }
            ],
            "version": "2012-10-17"
          },
          "sensitive_attributes": []
        }
      ]
    },
    {
      "module": "module.kms",
      "mode": "data",
      "type": "aws_partition",
      "name": "current",
      "provider": "provider[\"registry.terraform.io/hashicorp/aws\"]",
      "instances": [
        {
          "index_key": 0,
          "schema_version": 0,
          "attributes": {
            "dns_suffix": "amazonaws.com",
            "id": "aws",
            "partition": "aws",
            "reverse_dns_prefix": "com.amazonaws"
          },
          "sensitive_attributes": []
        }
      ]
    },
    {
      "module": "module.kms",
      "mode": "managed",
      "type": "aws_kms_alias",
      "name": "this",
      "provider": "provider[\"registry.terraform.io/hashicorp/aws\"]",
      "instances": [
        {
          "index_key": "cluster",
          "schema_version": 0,
          "attributes": {
            "arn": "arn:aws:kms:ap-south-1:606348016399:alias/eks/EKS_Cluster",
            "id": "alias/eks/EKS_Cluster",
            "name": "alias/eks/EKS_Cluster",
            "name_prefix": "",
            "target_key_arn": "arn:aws:kms:ap-south-1:606348016399:key/afb993db-6a54-40ce-a1ff-81c715fff826",
            "target_key_id": "afb993db-6a54-40ce-a1ff-81c715fff826"
          },
          "sensitive_attributes": [],
          "private": "bnVsbA==",
          "dependencies": [
            "aws_iam_role.this",
            "data.aws_caller_identity.current",
            "data.aws_iam_policy_document.assume_role_policy",
            "data.aws_iam_session_context.current",
            "module.kms.aws_kms_external_key.this",
            "module.kms.aws_kms_key.this",
            "module.kms.aws_kms_replica_external_key.this",
            "module.kms.aws_kms_replica_key.this",
            "module.kms.data.aws_caller_identity.current",
            "module.kms.data.aws_iam_policy_document.this",
            "module.kms.data.aws_partition.current"
          ]
        }
      ]
    },
    {
      "module": "module.kms",
      "mode": "managed",
      "type": "aws_kms_key",
      "name": "this",
      "provider": "provider[\"registry.terraform.io/hashicorp/aws\"]",
      "instances": [
        {
          "index_key": 0,
          "schema_version": 0,
          "attributes": {
            "arn": "arn:aws:kms:ap-south-1:606348016399:key/afb993db-6a54-40ce-a1ff-81c715fff826",
            "bypass_policy_lockout_safety_check": false,
            "custom_key_store_id": "",
            "customer_master_key_spec": "SYMMETRIC_DEFAULT",
            "deletion_window_in_days": null,
            "description": "EKS_Cluster cluster encryption key",
            "enable_key_rotation": true,
            "id": "afb993db-6a54-40ce-a1ff-81c715fff826",
            "is_enabled": true,
            "key_id": "afb993db-6a54-40ce-a1ff-81c715fff826",
            "key_usage": "ENCRYPT_DECRYPT",
            "multi_region": false,
            "policy": "{\"Statement\":[{\"Action\":\"kms:*\",\"Effect\":\"Allow\",\"Principal\":{\"AWS\":\"arn:aws:iam::606348016399:root\"},\"Resource\":\"*\",\"Sid\":\"Default\"},{\"Action\":[\"kms:Update*\",\"kms:UntagResource\",\"kms:TagResource\",\"kms:ScheduleKeyDeletion\",\"kms:Revoke*\",\"kms:ReplicateKey\",\"kms:Put*\",\"kms:List*\",\"kms:ImportKeyMaterial\",\"kms:Get*\",\"kms:Enable*\",\"kms:Disable*\",\"kms:Describe*\",\"kms:Delete*\",\"kms:Create*\",\"kms:CancelKeyDeletion\"],\"Effect\":\"Allow\",\"Principal\":{\"AWS\":\"arn:aws:iam::606348016399:user/Terraform\"},\"Resource\":\"*\",\"Sid\":\"KeyAdministration\"},{\"Action\":[\"kms:ReEncrypt*\",\"kms:GenerateDataKey*\",\"kms:Encrypt\",\"kms:DescribeKey\",\"kms:Decrypt\"],\"Effect\":\"Allow\",\"Principal\":{\"AWS\":\"arn:aws:iam::606348016399:role/EKS_Cluster-cluster-20240227050354103800000003\"},\"Resource\":\"*\",\"Sid\":\"KeyUsage\"}],\"Version\":\"2012-10-17\"}",
            "tags": {
              "terraform-aws-modules": "eks"
            },
            "tags_all": {
              "terraform-aws-modules": "eks"
            },
            "timeouts": null,
            "xks_key_id": ""
          },
          "sensitive_attributes": [],
          "private": "eyJlMmJmYjczMC1lY2FhLTExZTYtOGY4OC0zNDM2M2JjN2M0YzAiOnsiY3JlYXRlIjoxMjAwMDAwMDAwMDB9fQ==",
          "dependencies": [
            "aws_iam_role.this",
            "data.aws_caller_identity.current",
            "data.aws_iam_policy_document.assume_role_policy",
            "data.aws_iam_session_context.current",
            "module.kms.data.aws_caller_identity.current",
            "module.kms.data.aws_iam_policy_document.this",
            "module.kms.data.aws_partition.current"
          ],
          "create_before_destroy": true
        }
      ]
    }
  ],
  "check_results": null
}
